{
  "nodes": {
    "caveman-skill": {
      "flake": false,
      "locked": {
        "lastModified": 1788769183,
        "narHash": "sha256-GuCK3oy0DsMOQq7gHjIY/aeaukJcTvelfg+tp7R7Du4=",
        "owner": "JuliusBrussee",
        "repo": "caveman",
        "rev": "15581d14007fd01fb3f132016741962f34936ca2",
        "type": "github"
      },
      "original": {
        "owner": "JuliusBrussee",
        "repo": "caveman",
        "type": "github"
      }
    },
    "claude-plugins-official": {
      "flake": false,
      "locked": {
        "lastModified": 1789053138,
        "narHash": "sha256-HTfdhkDMgf7IdjqR7c6uaZ3ha1oH4p0TGPAAQPsc8dI=",
        "owner": "anthropics",
        "repo": "claude-plugins-official",
        "rev": "3b600518a637492d37c9877aeb49c2a55d939c04",
        "type": "github"
      },
      "original": {
        "owner": "anthropics",
        "repo": "claude-plugins-official",
        "type": "github"
      }
    },
    "codex-plugin-cc": {
      "flake": false,
      "locked": {
        "lastModified": 1783469820,
        "narHash": "sha256-S/R4kHTcIHBcG0TRX063C7ILXZZm0oMqunchPGg6ToU=",
        "owner": "openai",
        "repo": "codex-plugin-cc",
        "rev": "db52e28f4d9ded852ab3942cea316258ae4ef346",
        "type": "github"
      },
      "original": {
        "owner": "openai",
        "repo": "codex-plugin-cc",
        "type": "github"
      }
    },
    "compound-engineering": {
      "flake": false,
      "locked": {
        "lastModified": 1789026562,
        "narHash": "sha256-LMsKoD3ngyBDh+sRTa4cQuwWjKjzweN7nzXgx3ytFF4=",
        "owner": "EveryInc",
        "repo": "compound-engineering-plugin",
        "rev": "9ac32720f1c52b1fe4e760a79978647d53c9b429",
        "type": "github"
      },
      "original": {
        "owner": "EveryInc",
        "repo": "compound-engineering-plugin",
        "type": "github"
      }
    },
    "hyperframes-skills": {
      "flake": false,
      "locked": {
        "lastModified": 1789068929,
        "narHash": "sha256-l6mdbhlA792lO2boAhvvvSCjG0YKKQ5UTp4KGMkPoo0=",
        "owner": "heygen-com",
        "repo": "hyperframes",
        "rev": "8820a01090692020ef6c5d4fb70fdc06b4b3bd81",
        "type": "github"
      },
      "original": {
        "owner": "heygen-com",
        "repo": "hyperframes",
        "type": "github"
      }
    },
    "mattpocock-skills": {
      "flake": false,
      "locked": {
        "lastModified": 1788511407,
        "narHash": "sha256-dF5i37jHnqfcXD1IRSVzSSm/pfCYSUmOsEhhs5Zx340=",
        "owner": "mattpocock",
        "repo": "skills",
        "rev": "3cca18b368ae95cdbdebbff572ccafa662551015",
        "type": "github"
      },
      "original": {
        "owner": "mattpocock",
        "repo": "skills",
        "type": "github"
      }
    },
    "root": {
      "inputs": {
        "caveman-skill": "caveman-skill",
        "claude-plugins-official": "claude-plugins-official",
        "codex-plugin-cc": "codex-plugin-cc",
        "compound-engineering": "compound-engineering",
        "hyperframes-skills": "hyperframes-skills",
        "mattpocock-skills": "mattpocock-skills"
      }
    }
  },
  "root": "root",
  "version": 7
}
