{
  "nodes": {
    "caveman-skill": {
      "flake": false,
      "locked": {
        "lastModified": 1783076931,
        "narHash": "sha256-VqRHx3/4SSCnEh3cUJ/he5saIfwNhS0hOzoH/wwtU2o=",
        "owner": "JuliusBrussee",
        "repo": "caveman",
        "rev": "0d95a81d35a9f2d123a5e9430d1cfc43d55f1bb0",
        "type": "github"
      },
      "original": {
        "owner": "JuliusBrussee",
        "repo": "caveman",
        "type": "github"
      }
    },
    "claude-plugins-official": {
      "flake": false,
      "locked": {
        "lastModified": 1785024298,
        "narHash": "sha256-hiT99I/lYd75vQ9W4BLlIcB1t2gyzx+4OOMCiKguOiQ=",
        "owner": "anthropics",
        "repo": "claude-plugins-official",
        "rev": "d31456c6571a94b6aaa68ee33f5f2dc0149ebddf",
        "type": "github"
      },
      "original": {
        "owner": "anthropics",
        "repo": "claude-plugins-official",
        "type": "github"
      }
    },
    "codex-plugin-cc": {
      "flake": false,
      "locked": {
        "lastModified": 1783469820,
        "narHash": "sha256-S/R4kHTcIHBcG0TRX063C7ILXZZm0oMqunchPGg6ToU=",
        "owner": "openai",
        "repo": "codex-plugin-cc",
        "rev": "db52e28f4d9ded852ab3942cea316258ae4ef346",
        "type": "github"
      },
      "original": {
        "owner": "openai",
        "repo": "codex-plugin-cc",
        "type": "github"
      }
    },
    "compound-engineering": {
      "flake": false,
      "locked": {
        "lastModified": 1784916832,
        "narHash": "sha256-3ch1W6QVilyZBAeQTOVA2iBe3BwOwYr0T4v2IRPm2Mg=",
        "owner": "EveryInc",
        "repo": "compound-engineering-plugin",
        "rev": "a9f6d530d4446d805a3100387dedd86268d7e695",
        "type": "github"
      },
      "original": {
        "owner": "EveryInc",
        "repo": "compound-engineering-plugin",
        "type": "github"
      }
    },
    "hyperframes-skills": {
      "flake": false,
      "locked": {
        "lastModified": 1785053570,
        "narHash": "sha256-xs95qgek4iqQQlXcb9Tk52ozqjipaXhkexnvOX58Ids=",
        "owner": "heygen-com",
        "repo": "hyperframes",
        "rev": "5c5179bb123895b184d83b2823073830f4fdfaf4",
        "type": "github"
      },
      "original": {
        "owner": "heygen-com",
        "repo": "hyperframes",
        "type": "github"
      }
    },
    "mattpocock-skills": {
      "flake": false,
      "locked": {
        "lastModified": 1784629731,
        "narHash": "sha256-o/H9s3t6ahBqFwpkOMBOTwpsvb33pgvpI9n0PA+uLYM=",
        "owner": "mattpocock",
        "repo": "skills",
        "rev": "ed37663cc5fbef691ddfecd080dff42f7e7e350d",
        "type": "github"
      },
      "original": {
        "owner": "mattpocock",
        "repo": "skills",
        "type": "github"
      }
    },
    "root": {
      "inputs": {
        "caveman-skill": "caveman-skill",
        "claude-plugins-official": "claude-plugins-official",
        "codex-plugin-cc": "codex-plugin-cc",
        "compound-engineering": "compound-engineering",
        "hyperframes-skills": "hyperframes-skills",
        "mattpocock-skills": "mattpocock-skills"
      }
    }
  },
  "root": "root",
  "version": 7
}
